
Microsoft Visual Studio Solution File, Format Version 12.00
# Visual Studio 14
VisualStudioVersion = 14.0.25420.1
MinimumVisualStudioVersion = 10.0.40219.1
Project("{FAE04EC0-301F-11D3-BF4B-00C04F79EFBC}") = "Tscrump_App", "Tscrump App\Tscrump_App\Tscrump_App.csproj", "{D8B6996A-C10A-4847-84DB-08C24811CBE4}"
EndProject
Project("{FAE04EC0-301F-11D3-BF4B-00C04F79EFBC}") = "Tscrump_App.Droid", "Tscrump App\Tscrump_App.Droid\Tscrump_App.Droid.csproj", "{BF37A24E-CD51-4AAF-82C4-4C4E6D5E3BCB}"
EndProject
Project("{FAE04EC0-301F-11D3-BF4B-00C04F79EFBC}") = "Tscrump_App.iOS", "Tscrump App\Tscrump_App.iOS\Tscrump_App.iOS.csproj", "{98AB133B-6EE5-4F63-9900-FB52C056CE50}"
EndProject
Project("{FAE04EC0-301F-11D3-BF4B-00C04F79EFBC}") = "Tscrump_App.UWP", "Tscrump App\Tscrump_App.UWP\Tscrump_App.UWP.csproj", "{CCE71356-B6B3-4CEE-A411-C5BC897D6B5F}"
EndProject
Global
	GlobalSection(SolutionConfigurationPlatforms) = preSolution
		Ad-Hoc|Any CPU = Ad-Hoc|Any CPU
		Ad-Hoc|ARM = Ad-Hoc|ARM
		Ad-Hoc|iPhone = Ad-Hoc|iPhone
		Ad-Hoc|iPhoneSimulator = Ad-Hoc|iPhoneSimulator
		Ad-Hoc|x64 = Ad-Hoc|x64
		Ad-Hoc|x86 = Ad-Hoc|x86
		AppStore|Any CPU = AppStore|Any CPU
		AppStore|ARM = AppStore|ARM
		AppStore|iPhone = AppStore|iPhone
		AppStore|iPhoneSimulator = AppStore|iPhoneSimulator
		AppStore|x64 = AppStore|x64
		AppStore|x86 = AppStore|x86
		Debug|Any CPU = Debug|Any CPU
		Debug|ARM = Debug|ARM
		Debug|iPhone = Debug|iPhone
		Debug|iPhoneSimulator = Debug|iPhoneSimulator
		Debug|x64 = Debug|x64
		Debug|x86 = Debug|x86
		Release|Any CPU = Release|Any CPU
		Release|ARM = Release|ARM
		Release|iPhone = Release|iPhone
		Release|iPhoneSimulator = Release|iPhoneSimulator
		Release|x64 = Release|x64
		Release|x86 = Release|x86
	EndGlobalSection
	GlobalSection(ProjectConfigurationPlatforms) = postSolution
		{D8B6996A-C10A-4847-84DB-08C24811CBE4}.Ad-Hoc|Any CPU.ActiveCfg = Release|Any CPU
		{D8B6996A-C10A-4847-84DB-08C24811CBE4}.Ad-Hoc|Any CPU.Build.0 = Release|Any CPU
		{D8B6996A-C10A-4847-84DB-08C24811CBE4}.Ad-Hoc|ARM.ActiveCfg = Release|Any CPU
		{D8B6996A-C10A-4847-84DB-08C24811CBE4}.Ad-Hoc|ARM.Build.0 = Release|Any CPU
		{D8B6996A-C10A-4847-84DB-08C24811CBE4}.Ad-Hoc|iPhone.ActiveCfg = Release|Any CPU
		{D8B6996A-C10A-4847-84DB-08C24811CBE4}.Ad-Hoc|iPhone.Build.0 = Release|Any CPU
		{D8B6996A-C10A-4847-84DB-08C24811CBE4}.Ad-Hoc|iPhoneSimulator.ActiveCfg = Release|Any CPU
		{D8B6996A-C10A-4847-84DB-08C24811CBE4}.Ad-Hoc|iPhoneSimulator.Build.0 = Release|Any CPU
		{D8B6996A-C10A-4847-84DB-08C24811CBE4}.Ad-Hoc|x64.ActiveCfg = Release|Any CPU
		{D8B6996A-C10A-4847-84DB-08C24811CBE4}.Ad-Hoc|x64.Build.0 = Release|Any CPU
		{D8B6996A-C10A-4847-84DB-08C24811CBE4}.Ad-Hoc|x86.ActiveCfg = Release|Any CPU
		{D8B6996A-C10A-4847-84DB-08C24811CBE4}.Ad-Hoc|x86.Build.0 = Release|Any CPU
		{D8B6996A-C10A-4847-84DB-08C24811CBE4}.AppStore|Any CPU.ActiveCfg = Release|Any CPU
		{D8B6996A-C10A-4847-84DB-08C24811CBE4}.AppStore|Any CPU.Build.0 = Release|Any CPU
		{D8B6996A-C10A-4847-84DB-08C24811CBE4}.AppStore|ARM.ActiveCfg = Release|Any CPU
		{D8B6996A-C10A-4847-84DB-08C24811CBE4}.AppStore|ARM.Build.0 = Release|Any CPU
		{D8B6996A-C10A-4847-84DB-08C24811CBE4}.AppStore|iPhone.ActiveCfg = Release|Any CPU
		{D8B6996A-C10A-4847-84DB-08C24811CBE4}.AppStore|iPhone.Build.0 = Release|Any CPU
		{D8B6996A-C10A-4847-84DB-08C24811CBE4}.AppStore|iPhoneSimulator.ActiveCfg = Release|Any CPU
		{D8B6996A-C10A-4847-84DB-08C24811CBE4}.AppStore|iPhoneSimulator.Build.0 = Release|Any CPU
		{D8B6996A-C10A-4847-84DB-08C24811CBE4}.AppStore|x64.ActiveCfg = Release|Any CPU
		{D8B6996A-C10A-4847-84DB-08C24811CBE4}.AppStore|x64.Build.0 = Release|Any CPU
		{D8B6996A-C10A-4847-84DB-08C24811CBE4}.AppStore|x86.ActiveCfg = Release|Any CPU
		{D8B6996A-C10A-4847-84DB-08C24811CBE4}.AppStore|x86.Build.0 = Release|Any CPU
		{D8B6996A-C10A-4847-84DB-08C24811CBE4}.Debug|Any CPU.ActiveCfg = Debug|Any CPU
		{D8B6996A-C10A-4847-84DB-08C24811CBE4}.Debug|Any CPU.Build.0 = Debug|Any CPU
		{D8B6996A-C10A-4847-84DB-08C24811CBE4}.Debug|ARM.ActiveCfg = Debug|Any CPU
		{D8B6996A-C10A-4847-84DB-08C24811CBE4}.Debug|ARM.Build.0 = Debug|Any CPU
		{D8B6996A-C10A-4847-84DB-08C24811CBE4}.Debug|iPhone.ActiveCfg = Debug|Any CPU
		{D8B6996A-C10A-4847-84DB-08C24811CBE4}.Debug|iPhone.Build.0 = Debug|Any CPU
		{D8B6996A-C10A-4847-84DB-08C24811CBE4}.Debug|iPhoneSimulator.ActiveCfg = Debug|Any CPU
		{D8B6996A-C10A-4847-84DB-08C24811CBE4}.Debug|iPhoneSimulator.Build.0 = Debug|Any CPU
		{D8B6996A-C10A-4847-84DB-08C24811CBE4}.Debug|x64.ActiveCfg = Debug|Any CPU
		{D8B6996A-C10A-4847-84DB-08C24811CBE4}.Debug|x64.Build.0 = Debug|Any CPU
		{D8B6996A-C10A-4847-84DB-08C24811CBE4}.Debug|x86.ActiveCfg = Debug|Any CPU
		{D8B6996A-C10A-4847-84DB-08C24811CBE4}.Debug|x86.Build.0 = Debug|Any CPU
		{D8B6996A-C10A-4847-84DB-08C24811CBE4}.Release|Any CPU.ActiveCfg = Release|Any CPU
		{D8B6996A-C10A-4847-84DB-08C24811CBE4}.Release|Any CPU.Build.0 = Release|Any CPU
		{D8B6996A-C10A-4847-84DB-08C24811CBE4}.Release|ARM.ActiveCfg = Release|Any CPU
		{D8B6996A-C10A-4847-84DB-08C24811CBE4}.Release|ARM.Build.0 = Release|Any CPU
		{D8B6996A-C10A-4847-84DB-08C24811CBE4}.Release|iPhone.ActiveCfg = Release|Any CPU
		{D8B6996A-C10A-4847-84DB-08C24811CBE4}.Release|iPhone.Build.0 = Release|Any CPU
		{D8B6996A-C10A-4847-84DB-08C24811CBE4}.Release|iPhoneSimulator.ActiveCfg = Release|Any CPU
		{D8B6996A-C10A-4847-84DB-08C24811CBE4}.Release|iPhoneSimulator.Build.0 = Release|Any CPU
		{D8B6996A-C10A-4847-84DB-08C24811CBE4}.Release|x64.ActiveCfg = Release|Any CPU
		{D8B6996A-C10A-4847-84DB-08C24811CBE4}.Release|x64.Build.0 = Release|Any CPU
		{D8B6996A-C10A-4847-84DB-08C24811CBE4}.Release|x86.ActiveCfg = Release|Any CPU
		{D8B6996A-C10A-4847-84DB-08C24811CBE4}.Release|x86.Build.0 = Release|Any CPU
		{BF37A24E-CD51-4AAF-82C4-4C4E6D5E3BCB}.Ad-Hoc|Any CPU.ActiveCfg = Release|Any CPU
		{BF37A24E-CD51-4AAF-82C4-4C4E6D5E3BCB}.Ad-Hoc|Any CPU.Build.0 = Release|Any CPU
		{BF37A24E-CD51-4AAF-82C4-4C4E6D5E3BCB}.Ad-Hoc|Any CPU.Deploy.0 = Release|Any CPU
		{BF37A24E-CD51-4AAF-82C4-4C4E6D5E3BCB}.Ad-Hoc|ARM.ActiveCfg = Release|Any CPU
		{BF37A24E-CD51-4AAF-82C4-4C4E6D5E3BCB}.Ad-Hoc|ARM.Build.0 = Release|Any CPU
		{BF37A24E-CD51-4AAF-82C4-4C4E6D5E3BCB}.Ad-Hoc|ARM.Deploy.0 = Release|Any CPU
		{BF37A24E-CD51-4AAF-82C4-4C4E6D5E3BCB}.Ad-Hoc|iPhone.ActiveCfg = Release|Any CPU
		{BF37A24E-CD51-4AAF-82C4-4C4E6D5E3BCB}.Ad-Hoc|iPhone.Build.0 = Release|Any CPU
		{BF37A24E-CD51-4AAF-82C4-4C4E6D5E3BCB}.Ad-Hoc|iPhone.Deploy.0 = Release|Any CPU
		{BF37A24E-CD51-4AAF-82C4-4C4E6D5E3BCB}.Ad-Hoc|iPhoneSimulator.ActiveCfg = Release|Any CPU
		{BF37A24E-CD51-4AAF-82C4-4C4E6D5E3BCB}.Ad-Hoc|iPhoneSimulator.Build.0 = Release|Any CPU
		{BF37A24E-CD51-4AAF-82C4-4C4E6D5E3BCB}.Ad-Hoc|iPhoneSimulator.Deploy.0 = Release|Any CPU
		{BF37A24E-CD51-4AAF-82C4-4C4E6D5E3BCB}.Ad-Hoc|x64.ActiveCfg = Release|Any CPU
		{BF37A24E-CD51-4AAF-82C4-4C4E6D5E3BCB}.Ad-Hoc|x64.Build.0 = Release|Any CPU
		{BF37A24E-CD51-4AAF-82C4-4C4E6D5E3BCB}.Ad-Hoc|x64.Deploy.0 = Release|Any CPU
		{BF37A24E-CD51-4AAF-82C4-4C4E6D5E3BCB}.Ad-Hoc|x86.ActiveCfg = Release|Any CPU
		{BF37A24E-CD51-4AAF-82C4-4C4E6D5E3BCB}.Ad-Hoc|x86.Build.0 = Release|Any CPU
		{BF37A24E-CD51-4AAF-82C4-4C4E6D5E3BCB}.Ad-Hoc|x86.Deploy.0 = Release|Any CPU
		{BF37A24E-CD51-4AAF-82C4-4C4E6D5E3BCB}.AppStore|Any CPU.ActiveCfg = Release|Any CPU
		{BF37A24E-CD51-4AAF-82C4-4C4E6D5E3BCB}.AppStore|Any CPU.Build.0 = Release|Any CPU
		{BF37A24E-CD51-4AAF-82C4-4C4E6D5E3BCB}.AppStore|Any CPU.Deploy.0 = Release|Any CPU
		{BF37A24E-CD51-4AAF-82C4-4C4E6D5E3BCB}.AppStore|ARM.ActiveCfg = Release|Any CPU
		{BF37A24E-CD51-4AAF-82C4-4C4E6D5E3BCB}.AppStore|ARM.Build.0 = Release|Any CPU
		{BF37A24E-CD51-4AAF-82C4-4C4E6D5E3BCB}.AppStore|ARM.Deploy.0 = Release|Any CPU
		{BF37A24E-CD51-4AAF-82C4-4C4E6D5E3BCB}.AppStore|iPhone.ActiveCfg = Release|Any CPU
		{BF37A24E-CD51-4AAF-82C4-4C4E6D5E3BCB}.AppStore|iPhone.Build.0 = Release|Any CPU
		{BF37A24E-CD51-4AAF-82C4-4C4E6D5E3BCB}.AppStore|iPhone.Deploy.0 = Release|Any CPU
		{BF37A24E-CD51-4AAF-82C4-4C4E6D5E3BCB}.AppStore|iPhoneSimulator.ActiveCfg = Release|Any CPU
		{BF37A24E-CD51-4AAF-82C4-4C4E6D5E3BCB}.AppStore|iPhoneSimulator.Build.0 = Release|Any CPU
		{BF37A24E-CD51-4AAF-82C4-4C4E6D5E3BCB}.AppStore|iPhoneSimulator.Deploy.0 = Release|Any CPU
		{BF37A24E-CD51-4AAF-82C4-4C4E6D5E3BCB}.AppStore|x64.ActiveCfg = Release|Any CPU
		{BF37A24E-CD51-4AAF-82C4-4C4E6D5E3BCB}.AppStore|x64.Build.0 = Release|Any CPU
		{BF37A24E-CD51-4AAF-82C4-4C4E6D5E3BCB}.AppStore|x64.Deploy.0 = Release|Any CPU
		{BF37A24E-CD51-4AAF-82C4-4C4E6D5E3BCB}.AppStore|x86.ActiveCfg = Release|Any CPU
		{BF37A24E-CD51-4AAF-82C4-4C4E6D5E3BCB}.AppStore|x86.Build.0 = Release|Any CPU
		{BF37A24E-CD51-4AAF-82C4-4C4E6D5E3BCB}.AppStore|x86.Deploy.0 = Release|Any CPU
		{BF37A24E-CD51-4AAF-82C4-4C4E6D5E3BCB}.Debug|Any CPU.ActiveCfg = Debug|Any CPU
		{BF37A24E-CD51-4AAF-82C4-4C4E6D5E3BCB}.Debug|Any CPU.Build.0 = Debug|Any CPU
		{BF37A24E-CD51-4AAF-82C4-4C4E6D5E3BCB}.Debug|Any CPU.Deploy.0 = Debug|Any CPU
		{BF37A24E-CD51-4AAF-82C4-4C4E6D5E3BCB}.Debug|ARM.ActiveCfg = Debug|Any CPU
		{BF37A24E-CD51-4AAF-82C4-4C4E6D5E3BCB}.Debug|ARM.Build.0 = Debug|Any CPU
		{BF37A24E-CD51-4AAF-82C4-4C4E6D5E3BCB}.Debug|ARM.Deploy.0 = Debug|Any CPU
		{BF37A24E-CD51-4AAF-82C4-4C4E6D5E3BCB}.Debug|iPhone.ActiveCfg = Debug|Any CPU
		{BF37A24E-CD51-4AAF-82C4-4C4E6D5E3BCB}.Debug|iPhone.Build.0 = Debug|Any CPU
		{BF37A24E-CD51-4AAF-82C4-4C4E6D5E3BCB}.Debug|iPhone.Deploy.0 = Debug|Any CPU
		{BF37A24E-CD51-4AAF-82C4-4C4E6D5E3BCB}.Debug|iPhoneSimulator.ActiveCfg = Debug|Any CPU
		{BF37A24E-CD51-4AAF-82C4-4C4E6D5E3BCB}.Debug|iPhoneSimulator.Build.0 = Debug|Any CPU
		{BF37A24E-CD51-4AAF-82C4-4C4E6D5E3BCB}.Debug|iPhoneSimulator.Deploy.0 = Debug|Any CPU
		{BF37A24E-CD51-4AAF-82C4-4C4E6D5E3BCB}.Debug|x64.ActiveCfg = Debug|Any CPU
		{BF37A24E-CD51-4AAF-82C4-4C4E6D5E3BCB}.Debug|x64.Build.0 = Debug|Any CPU
		{BF37A24E-CD51-4AAF-82C4-4C4E6D5E3BCB}.Debug|x64.Deploy.0 = Debug|Any CPU
		{BF37A24E-CD51-4AAF-82C4-4C4E6D5E3BCB}.Debug|x86.ActiveCfg = Debug|Any CPU
		{BF37A24E-CD51-4AAF-82C4-4C4E6D5E3BCB}.Debug|x86.Build.0 = Debug|Any CPU
		{BF37A24E-CD51-4AAF-82C4-4C4E6D5E3BCB}.Debug|x86.Deploy.0 = Debug|Any CPU
		{BF37A24E-CD51-4AAF-82C4-4C4E6D5E3BCB}.Release|Any CPU.ActiveCfg = Release|Any CPU
		{BF37A24E-CD51-4AAF-82C4-4C4E6D5E3BCB}.Release|Any CPU.Build.0 = Release|Any CPU
		{BF37A24E-CD51-4AAF-82C4-4C4E6D5E3BCB}.Release|Any CPU.Deploy.0 = Release|Any CPU
		{BF37A24E-CD51-4AAF-82C4-4C4E6D5E3BCB}.Release|ARM.ActiveCfg = Release|Any CPU
		{BF37A24E-CD51-4AAF-82C4-4C4E6D5E3BCB}.Release|ARM.Build.0 = Release|Any CPU
		{BF37A24E-CD51-4AAF-82C4-4C4E6D5E3BCB}.Release|ARM.Deploy.0 = Release|Any CPU
		{BF37A24E-CD51-4AAF-82C4-4C4E6D5E3BCB}.Release|iPhone.ActiveCfg = Release|Any CPU
		{BF37A24E-CD51-4AAF-82C4-4C4E6D5E3BCB}.Release|iPhone.Build.0 = Release|Any CPU
		{BF37A24E-CD51-4AAF-82C4-4C4E6D5E3BCB}.Release|iPhone.Deploy.0 = Release|Any CPU
		{BF37A24E-CD51-4AAF-82C4-4C4E6D5E3BCB}.Release|iPhoneSimulator.ActiveCfg = Release|Any CPU
		{BF37A24E-CD51-4AAF-82C4-4C4E6D5E3BCB}.Release|iPhoneSimulator.Build.0 = Release|Any CPU
		{BF37A24E-CD51-4AAF-82C4-4C4E6D5E3BCB}.Release|iPhoneSimulator.Deploy.0 = Release|Any CPU
		{BF37A24E-CD51-4AAF-82C4-4C4E6D5E3BCB}.Release|x64.ActiveCfg = Release|Any CPU
		{BF37A24E-CD51-4AAF-82C4-4C4E6D5E3BCB}.Release|x64.Build.0 = Release|Any CPU
		{BF37A24E-CD51-4AAF-82C4-4C4E6D5E3BCB}.Release|x64.Deploy.0 = Release|Any CPU
		{BF37A24E-CD51-4AAF-82C4-4C4E6D5E3BCB}.Release|x86.ActiveCfg = Release|Any CPU
		{BF37A24E-CD51-4AAF-82C4-4C4E6D5E3BCB}.Release|x86.Build.0 = Release|Any CPU
		{BF37A24E-CD51-4AAF-82C4-4C4E6D5E3BCB}.Release|x86.Deploy.0 = Release|Any CPU
		{98AB133B-6EE5-4F63-9900-FB52C056CE50}.Ad-Hoc|Any CPU.ActiveCfg = Ad-Hoc|iPhone
		{98AB133B-6EE5-4F63-9900-FB52C056CE50}.Ad-Hoc|ARM.ActiveCfg = Ad-Hoc|iPhone
		{98AB133B-6EE5-4F63-9900-FB52C056CE50}.Ad-Hoc|iPhone.ActiveCfg = Ad-Hoc|iPhone
		{98AB133B-6EE5-4F63-9900-FB52C056CE50}.Ad-Hoc|iPhone.Build.0 = Ad-Hoc|iPhone
		{98AB133B-6EE5-4F63-9900-FB52C056CE50}.Ad-Hoc|iPhoneSimulator.ActiveCfg = Ad-Hoc|iPhoneSimulator
		{98AB133B-6EE5-4F63-9900-FB52C056CE50}.Ad-Hoc|iPhoneSimulator.Build.0 = Ad-Hoc|iPhoneSimulator
		{98AB133B-6EE5-4F63-9900-FB52C056CE50}.Ad-Hoc|x64.ActiveCfg = Ad-Hoc|iPhone
		{98AB133B-6EE5-4F63-9900-FB52C056CE50}.Ad-Hoc|x86.ActiveCfg = Ad-Hoc|iPhone
		{98AB133B-6EE5-4F63-9900-FB52C056CE50}.AppStore|Any CPU.ActiveCfg = AppStore|iPhone
		{98AB133B-6EE5-4F63-9900-FB52C056CE50}.AppStore|ARM.ActiveCfg = AppStore|iPhone
		{98AB133B-6EE5-4F63-9900-FB52C056CE50}.AppStore|iPhone.ActiveCfg = AppStore|iPhone
		{98AB133B-6EE5-4F63-9900-FB52C056CE50}.AppStore|iPhone.Build.0 = AppStore|iPhone
		{98AB133B-6EE5-4F63-9900-FB52C056CE50}.AppStore|iPhoneSimulator.ActiveCfg = AppStore|iPhoneSimulator
		{98AB133B-6EE5-4F63-9900-FB52C056CE50}.AppStore|iPhoneSimulator.Build.0 = AppStore|iPhoneSimulator
		{98AB133B-6EE5-4F63-9900-FB52C056CE50}.AppStore|x64.ActiveCfg = AppStore|iPhone
		{98AB133B-6EE5-4F63-9900-FB52C056CE50}.AppStore|x86.ActiveCfg = AppStore|iPhone
		{98AB133B-6EE5-4F63-9900-FB52C056CE50}.Debug|Any CPU.ActiveCfg = Debug|iPhone
		{98AB133B-6EE5-4F63-9900-FB52C056CE50}.Debug|ARM.ActiveCfg = Debug|iPhone
		{98AB133B-6EE5-4F63-9900-FB52C056CE50}.Debug|iPhone.ActiveCfg = Debug|iPhone
		{98AB133B-6EE5-4F63-9900-FB52C056CE50}.Debug|iPhoneSimulator.ActiveCfg = Debug|iPhoneSimulator
		{98AB133B-6EE5-4F63-9900-FB52C056CE50}.Debug|iPhoneSimulator.Build.0 = Debug|iPhoneSimulator
		{98AB133B-6EE5-4F63-9900-FB52C056CE50}.Debug|x64.ActiveCfg = Debug|iPhone
		{98AB133B-6EE5-4F63-9900-FB52C056CE50}.Debug|x86.ActiveCfg = Debug|iPhone
		{98AB133B-6EE5-4F63-9900-FB52C056CE50}.Release|Any CPU.ActiveCfg = Release|iPhone
		{98AB133B-6EE5-4F63-9900-FB52C056CE50}.Release|ARM.ActiveCfg = Release|iPhone
		{98AB133B-6EE5-4F63-9900-FB52C056CE50}.Release|iPhone.ActiveCfg = Release|iPhone
		{98AB133B-6EE5-4F63-9900-FB52C056CE50}.Release|iPhone.Build.0 = Release|iPhone
		{98AB133B-6EE5-4F63-9900-FB52C056CE50}.Release|iPhoneSimulator.ActiveCfg = Release|iPhoneSimulator
		{98AB133B-6EE5-4F63-9900-FB52C056CE50}.Release|iPhoneSimulator.Build.0 = Release|iPhoneSimulator
		{98AB133B-6EE5-4F63-9900-FB52C056CE50}.Release|x64.ActiveCfg = Release|iPhone
		{98AB133B-6EE5-4F63-9900-FB52C056CE50}.Release|x86.ActiveCfg = Release|iPhone
		{CCE71356-B6B3-4CEE-A411-C5BC897D6B5F}.Ad-Hoc|Any CPU.ActiveCfg = Release|x86
		{CCE71356-B6B3-4CEE-A411-C5BC897D6B5F}.Ad-Hoc|Any CPU.Build.0 = Release|x86
		{CCE71356-B6B3-4CEE-A411-C5BC897D6B5F}.Ad-Hoc|Any CPU.Deploy.0 = Release|x86
		{CCE71356-B6B3-4CEE-A411-C5BC897D6B5F}.Ad-Hoc|ARM.ActiveCfg = Release|ARM
		{CCE71356-B6B3-4CEE-A411-C5BC897D6B5F}.Ad-Hoc|ARM.Build.0 = Release|ARM
		{CCE71356-B6B3-4CEE-A411-C5BC897D6B5F}.Ad-Hoc|ARM.Deploy.0 = Release|ARM
		{CCE71356-B6B3-4CEE-A411-C5BC897D6B5F}.Ad-Hoc|iPhone.ActiveCfg = Release|x86
		{CCE71356-B6B3-4CEE-A411-C5BC897D6B5F}.Ad-Hoc|iPhone.Build.0 = Release|x86
		{CCE71356-B6B3-4CEE-A411-C5BC897D6B5F}.Ad-Hoc|iPhone.Deploy.0 = Release|x86
		{CCE71356-B6B3-4CEE-A411-C5BC897D6B5F}.Ad-Hoc|iPhoneSimulator.ActiveCfg = Release|x86
		{CCE71356-B6B3-4CEE-A411-C5BC897D6B5F}.Ad-Hoc|iPhoneSimulator.Build.0 = Release|x86
		{CCE71356-B6B3-4CEE-A411-C5BC897D6B5F}.Ad-Hoc|iPhoneSimulator.Deploy.0 = Release|x86
		{CCE71356-B6B3-4CEE-A411-C5BC897D6B5F}.Ad-Hoc|x64.ActiveCfg = Release|x64
		{CCE71356-B6B3-4CEE-A411-C5BC897D6B5F}.Ad-Hoc|x64.Build.0 = Release|x64
		{CCE71356-B6B3-4CEE-A411-C5BC897D6B5F}.Ad-Hoc|x64.Deploy.0 = Release|x64
		{CCE71356-B6B3-4CEE-A411-C5BC897D6B5F}.Ad-Hoc|x86.ActiveCfg = Release|x86
		{CCE71356-B6B3-4CEE-A411-C5BC897D6B5F}.Ad-Hoc|x86.Build.0 = Release|x86
		{CCE71356-B6B3-4CEE-A411-C5BC897D6B5F}.Ad-Hoc|x86.Deploy.0 = Release|x86
		{CCE71356-B6B3-4CEE-A411-C5BC897D6B5F}.AppStore|Any CPU.ActiveCfg = Release|x86
		{CCE71356-B6B3-4CEE-A411-C5BC897D6B5F}.AppStore|Any CPU.Build.0 = Release|x86
		{CCE71356-B6B3-4CEE-A411-C5BC897D6B5F}.AppStore|Any CPU.Deploy.0 = Release|x86
		{CCE71356-B6B3-4CEE-A411-C5BC897D6B5F}.AppStore|ARM.ActiveCfg = Release|ARM
		{CCE71356-B6B3-4CEE-A411-C5BC897D6B5F}.AppStore|ARM.Build.0 = Release|ARM
		{CCE71356-B6B3-4CEE-A411-C5BC897D6B5F}.AppStore|ARM.Deploy.0 = Release|ARM
		{CCE71356-B6B3-4CEE-A411-C5BC897D6B5F}.AppStore|iPhone.ActiveCfg = Release|x86
		{CCE71356-B6B3-4CEE-A411-C5BC897D6B5F}.AppStore|iPhone.Build.0 = Release|x86
		{CCE71356-B6B3-4CEE-A411-C5BC897D6B5F}.AppStore|iPhone.Deploy.0 = Release|x86
		{CCE71356-B6B3-4CEE-A411-C5BC897D6B5F}.AppStore|iPhoneSimulator.ActiveCfg = Release|x86
		{CCE71356-B6B3-4CEE-A411-C5BC897D6B5F}.AppStore|iPhoneSimulator.Build.0 = Release|x86
		{CCE71356-B6B3-4CEE-A411-C5BC897D6B5F}.AppStore|iPhoneSimulator.Deploy.0 = Release|x86
		{CCE71356-B6B3-4CEE-A411-C5BC897D6B5F}.AppStore|x64.ActiveCfg = Release|x64
		{CCE71356-B6B3-4CEE-A411-C5BC897D6B5F}.AppStore|x64.Build.0 = Release|x64
		{CCE71356-B6B3-4CEE-A411-C5BC897D6B5F}.AppStore|x64.Deploy.0 = Release|x64
		{CCE71356-B6B3-4CEE-A411-C5BC897D6B5F}.AppStore|x86.ActiveCfg = Release|x86
		{CCE71356-B6B3-4CEE-A411-C5BC897D6B5F}.AppStore|x86.Build.0 = Release|x86
		{CCE71356-B6B3-4CEE-A411-C5BC897D6B5F}.AppStore|x86.Deploy.0 = Release|x86
		{CCE71356-B6B3-4CEE-A411-C5BC897D6B5F}.Debug|Any CPU.ActiveCfg = Debug|x86
		{CCE71356-B6B3-4CEE-A411-C5BC897D6B5F}.Debug|Any CPU.Build.0 = Debug|x86
		{CCE71356-B6B3-4CEE-A411-C5BC897D6B5F}.Debug|Any CPU.Deploy.0 = Debug|x86
		{CCE71356-B6B3-4CEE-A411-C5BC897D6B5F}.Debug|ARM.ActiveCfg = Debug|ARM
		{CCE71356-B6B3-4CEE-A411-C5BC897D6B5F}.Debug|ARM.Build.0 = Debug|ARM
		{CCE71356-B6B3-4CEE-A411-C5BC897D6B5F}.Debug|ARM.Deploy.0 = Debug|ARM
		{CCE71356-B6B3-4CEE-A411-C5BC897D6B5F}.Debug|iPhone.ActiveCfg = Debug|x86
		{CCE71356-B6B3-4CEE-A411-C5BC897D6B5F}.Debug|iPhone.Build.0 = Debug|x86
		{CCE71356-B6B3-4CEE-A411-C5BC897D6B5F}.Debug|iPhone.Deploy.0 = Debug|x86
		{CCE71356-B6B3-4CEE-A411-C5BC897D6B5F}.Debug|iPhoneSimulator.ActiveCfg = Debug|x86
		{CCE71356-B6B3-4CEE-A411-C5BC897D6B5F}.Debug|x64.ActiveCfg = Debug|x64
		{CCE71356-B6B3-4CEE-A411-C5BC897D6B5F}.Debug|x64.Build.0 = Debug|x64
		{CCE71356-B6B3-4CEE-A411-C5BC897D6B5F}.Debug|x64.Deploy.0 = Debug|x64
		{CCE71356-B6B3-4CEE-A411-C5BC897D6B5F}.Debug|x86.ActiveCfg = Debug|x86
		{CCE71356-B6B3-4CEE-A411-C5BC897D6B5F}.Debug|x86.Build.0 = Debug|x86
		{CCE71356-B6B3-4CEE-A411-C5BC897D6B5F}.Debug|x86.Deploy.0 = Debug|x86
		{CCE71356-B6B3-4CEE-A411-C5BC897D6B5F}.Release|Any CPU.ActiveCfg = Release|x86
		{CCE71356-B6B3-4CEE-A411-C5BC897D6B5F}.Release|ARM.ActiveCfg = Release|ARM
		{CCE71356-B6B3-4CEE-A411-C5BC897D6B5F}.Release|ARM.Build.0 = Release|ARM
		{CCE71356-B6B3-4CEE-A411-C5BC897D6B5F}.Release|ARM.Deploy.0 = Release|ARM
		{CCE71356-B6B3-4CEE-A411-C5BC897D6B5F}.Release|iPhone.ActiveCfg = Release|x86
		{CCE71356-B6B3-4CEE-A411-C5BC897D6B5F}.Release|iPhoneSimulator.ActiveCfg = Release|x86
		{CCE71356-B6B3-4CEE-A411-C5BC897D6B5F}.Release|x64.ActiveCfg = Release|x64
		{CCE71356-B6B3-4CEE-A411-C5BC897D6B5F}.Release|x64.Build.0 = Release|x64
		{CCE71356-B6B3-4CEE-A411-C5BC897D6B5F}.Release|x64.Deploy.0 = Release|x64
		{CCE71356-B6B3-4CEE-A411-C5BC897D6B5F}.Release|x86.ActiveCfg = Release|x86
		{CCE71356-B6B3-4CEE-A411-C5BC897D6B5F}.Release|x86.Build.0 = Release|x86
		{CCE71356-B6B3-4CEE-A411-C5BC897D6B5F}.Release|x86.Deploy.0 = Release|x86
	EndGlobalSection
	GlobalSection(SolutionProperties) = preSolution
		HideSolutionNode = FALSE
	EndGlobalSection
EndGlobal
